
Microsoft Visual Studio Solution File, Format Version 12.00
# Visual Studio Version 16
VisualStudioVersion = 16.0.29926.136
MinimumVisualStudioVersion = 10.0.40219.1
Project("{FAE04EC0-301F-11D3-BF4B-00C04F79EFBC}") = "Ejercicio3.1", "Ejercicio3.1.csproj", "{DDF0A18C-95AC-4449-A73D-E6173DA2BC2B}"
EndProject
Global
	GlobalSection(SolutionConfigurationPlatforms) = preSolution
		Debug|Any CPU = Debug|Any CPU
		Release|Any CPU = Release|Any CPU
	EndGlobalSection
	GlobalSection(ProjectConfigurationPlatforms) = postSolution
		{DDF0A18C-95AC-4449-A73D-E6173DA2BC2B}.Debug|Any CPU.ActiveCfg = Debug|Any CPU
		{DDF0A18C-95AC-4449-A73D-E6173DA2BC2B}.Debug|Any CPU.Build.0 = Debug|Any CPU
		{DDF0A18C-95AC-4449-A73D-E6173DA2BC2B}.Release|Any CPU.ActiveCfg = Release|Any CPU
		{DDF0A18C-95AC-4449-A73D-E6173DA2BC2B}.Release|Any CPU.Build.0 = Release|Any CPU
	EndGlobalSection
	GlobalSection(SolutionProperties) = preSolution
		HideSolutionNode = FALSE
	EndGlobalSection
	GlobalSection(ExtensibilityGlobals) = postSolution
		SolutionGuid = {C00C5E0E-33BA-47BF-9AC2-5A4DBAAFEE02}
	EndGlobalSection
EndGlobal
